{
    "version": 3,
    "terraform_version": "0.10.2",
    "serial": 2,
    "lineage": "1c8ae33c-5006-4e30-9b1d-0604590b9f65",
    "modules": [
        {
            "path": [
                "root"
            ],
            "outputs": {
                "Use this link to access DCOS": {
                    "sensitive": false,
                    "type": "string",
                    "value": "http://174.138.49.0/"
                },
                "agent-ip": {
                    "sensitive": false,
                    "type": "string",
                    "value": "165.227.101.146,165.227.101.144,165.227.101.147,165.227.101.149"
                },
                "agent-public-ip": {
                    "sensitive": false,
                    "type": "string",
                    "value": "165.227.101.150,165.227.101.140,165.227.101.141"
                },
                "bootstrap-ip": {
                    "sensitive": false,
                    "type": "string",
                    "value": "138.197.110.112"
                },
                "master-ip": {
                    "sensitive": false,
                    "type": "string",
                    "value": "174.138.49.0,165.227.65.60,45.55.50.24"
                }
            },
            "resources": {
                "digitalocean_droplet.dcos_agent.0": {
                    "type": "digitalocean_droplet",
                    "depends_on": [
                        "digitalocean_droplet.dcos_bootstrap"
                    ],
                    "primary": {
                        "id": "59521759",
                        "attributes": {
                            "disk": "60",
                            "id": "59521759",
                            "image": "coreos-stable",
                            "ipv4_address": "165.227.101.146",
                            "ipv4_address_private": "10.132.114.114",
                            "locked": "false",
                            "name": "digitalocean-dcos-agent-00",
                            "price_hourly": "0.05952",
                            "price_monthly": "40",
                            "private_networking": "true",
                            "region": "nyc3",
                            "resize_disk": "true",
                            "size": "4gb",
                            "ssh_keys.#": "1",
                            "ssh_keys.0": "c1:8e:7a:5f:16:48:45:88:41:89:38:2a:5b:70:34:f0",
                            "status": "active",
                            "tags.#": "0",
                            "user_data": "#cloud-config\n\nssh_authorized_keys:\n  - \"ssh-rsa AAAAB3NzaC1yc2EAAAADAQABAAABAQDfuOMYwlPdf6M6g8xgeYoaeL+bxtg0jbhDJpVKBqfI5D6oeiAGxg0PZD0AZWS4wYxrtGMcVAM/s+TgRNrfELNDj+cox3QmZ3PxxAiJuY0FTzeLVL0kb9ECPdqQH1iLmNvVZM2XMB/t/m5DISMfvdoWDqJvwydGtQxajCaGOK01QHrGBylD0bIlA6j1osx2R9OXVt0dYs6l7G4HLh9SUMUwuwDa+ohh0MS/ZyZuzrLLJhOvRovk9iYpytqO2q2bdR7UGhg29I6ldkzJzJRqtWQANm1iL9w2UXxguIy1fGcYmPE7nTUrluzYVq/Hz3FEMQZrXs+xHg3n3IJSeswSyp+N hasnaeen@mesos-preflight-the1\n\"\n",
                            "vcpus": "2"
                        },
                        "meta": {},
                        "tainted": false
                    },
                    "deposed": [],
                    "provider": ""
                },
                "digitalocean_droplet.dcos_agent.1": {
                    "type": "digitalocean_droplet",
                    "depends_on": [
                        "digitalocean_droplet.dcos_bootstrap"
                    ],
                    "primary": {
                        "id": "59521755",
                        "attributes": {
                            "disk": "60",
                            "id": "59521755",
                            "image": "coreos-stable",
                            "ipv4_address": "165.227.101.144",
                            "ipv4_address_private": "10.132.109.190",
                            "locked": "false",
                            "name": "digitalocean-dcos-agent-01",
                            "price_hourly": "0.05952",
                            "price_monthly": "40",
                            "private_networking": "true",
                            "region": "nyc3",
                            "resize_disk": "true",
                            "size": "4gb",
                            "ssh_keys.#": "1",
                            "ssh_keys.0": "c1:8e:7a:5f:16:48:45:88:41:89:38:2a:5b:70:34:f0",
                            "status": "active",
                            "tags.#": "0",
                            "user_data": "#cloud-config\n\nssh_authorized_keys:\n  - \"ssh-rsa AAAAB3NzaC1yc2EAAAADAQABAAABAQDfuOMYwlPdf6M6g8xgeYoaeL+bxtg0jbhDJpVKBqfI5D6oeiAGxg0PZD0AZWS4wYxrtGMcVAM/s+TgRNrfELNDj+cox3QmZ3PxxAiJuY0FTzeLVL0kb9ECPdqQH1iLmNvVZM2XMB/t/m5DISMfvdoWDqJvwydGtQxajCaGOK01QHrGBylD0bIlA6j1osx2R9OXVt0dYs6l7G4HLh9SUMUwuwDa+ohh0MS/ZyZuzrLLJhOvRovk9iYpytqO2q2bdR7UGhg29I6ldkzJzJRqtWQANm1iL9w2UXxguIy1fGcYmPE7nTUrluzYVq/Hz3FEMQZrXs+xHg3n3IJSeswSyp+N hasnaeen@mesos-preflight-the1\n\"\n",
                            "vcpus": "2"
                        },
                        "meta": {},
                        "tainted": false
                    },
                    "deposed": [],
                    "provider": ""
                },
                "digitalocean_droplet.dcos_agent.2": {
                    "type": "digitalocean_droplet",
                    "depends_on": [
                        "digitalocean_droplet.dcos_bootstrap"
                    ],
                    "primary": {
                        "id": "59521758",
                        "attributes": {
                            "disk": "60",
                            "id": "59521758",
                            "image": "coreos-stable",
                            "ipv4_address": "165.227.101.147",
                            "ipv4_address_private": "10.132.123.28",
                            "locked": "false",
                            "name": "digitalocean-dcos-agent-02",
                            "price_hourly": "0.05952",
                            "price_monthly": "40",
                            "private_networking": "true",
                            "region": "nyc3",
                            "resize_disk": "true",
                            "size": "4gb",
                            "ssh_keys.#": "1",
                            "ssh_keys.0": "c1:8e:7a:5f:16:48:45:88:41:89:38:2a:5b:70:34:f0",
                            "status": "active",
                            "tags.#": "0",
                            "user_data": "#cloud-config\n\nssh_authorized_keys:\n  - \"ssh-rsa AAAAB3NzaC1yc2EAAAADAQABAAABAQDfuOMYwlPdf6M6g8xgeYoaeL+bxtg0jbhDJpVKBqfI5D6oeiAGxg0PZD0AZWS4wYxrtGMcVAM/s+TgRNrfELNDj+cox3QmZ3PxxAiJuY0FTzeLVL0kb9ECPdqQH1iLmNvVZM2XMB/t/m5DISMfvdoWDqJvwydGtQxajCaGOK01QHrGBylD0bIlA6j1osx2R9OXVt0dYs6l7G4HLh9SUMUwuwDa+ohh0MS/ZyZuzrLLJhOvRovk9iYpytqO2q2bdR7UGhg29I6ldkzJzJRqtWQANm1iL9w2UXxguIy1fGcYmPE7nTUrluzYVq/Hz3FEMQZrXs+xHg3n3IJSeswSyp+N hasnaeen@mesos-preflight-the1\n\"\n",
                            "vcpus": "2"
                        },
                        "meta": {},
                        "tainted": false
                    },
                    "deposed": [],
                    "provider": ""
                },
                "digitalocean_droplet.dcos_agent.3": {
                    "type": "digitalocean_droplet",
                    "depends_on": [
                        "digitalocean_droplet.dcos_bootstrap"
                    ],
                    "primary": {
                        "id": "59521757",
                        "attributes": {
                            "disk": "60",
                            "id": "59521757",
                            "image": "coreos-stable",
                            "ipv4_address": "165.227.101.149",
                            "ipv4_address_private": "10.132.124.166",
                            "locked": "false",
                            "name": "digitalocean-dcos-agent-03",
                            "price_hourly": "0.05952",
                            "price_monthly": "40",
                            "private_networking": "true",
                            "region": "nyc3",
                            "resize_disk": "true",
                            "size": "4gb",
                            "ssh_keys.#": "1",
                            "ssh_keys.0": "c1:8e:7a:5f:16:48:45:88:41:89:38:2a:5b:70:34:f0",
                            "status": "active",
                            "tags.#": "0",
                            "user_data": "#cloud-config\n\nssh_authorized_keys:\n  - \"ssh-rsa AAAAB3NzaC1yc2EAAAADAQABAAABAQDfuOMYwlPdf6M6g8xgeYoaeL+bxtg0jbhDJpVKBqfI5D6oeiAGxg0PZD0AZWS4wYxrtGMcVAM/s+TgRNrfELNDj+cox3QmZ3PxxAiJuY0FTzeLVL0kb9ECPdqQH1iLmNvVZM2XMB/t/m5DISMfvdoWDqJvwydGtQxajCaGOK01QHrGBylD0bIlA6j1osx2R9OXVt0dYs6l7G4HLh9SUMUwuwDa+ohh0MS/ZyZuzrLLJhOvRovk9iYpytqO2q2bdR7UGhg29I6ldkzJzJRqtWQANm1iL9w2UXxguIy1fGcYmPE7nTUrluzYVq/Hz3FEMQZrXs+xHg3n3IJSeswSyp+N hasnaeen@mesos-preflight-the1\n\"\n",
                            "vcpus": "2"
                        },
                        "meta": {},
                        "tainted": false
                    },
                    "deposed": [],
                    "provider": ""
                },
                "digitalocean_droplet.dcos_bootstrap": {
                    "type": "digitalocean_droplet",
                    "depends_on": [],
                    "primary": {
                        "id": "59521593",
                        "attributes": {
                            "disk": "60",
                            "id": "59521593",
                            "image": "coreos-stable",
                            "ipv4_address": "138.197.110.112",
                            "ipv4_address_private": "10.132.116.58",
                            "locked": "false",
                            "name": "digitalocean-dcos-bootstrap-00",
                            "price_hourly": "0.05952",
                            "price_monthly": "40",
                            "private_networking": "true",
                            "region": "nyc3",
                            "resize_disk": "true",
                            "size": "4gb",
                            "ssh_keys.#": "1",
                            "ssh_keys.0": "c1:8e:7a:5f:16:48:45:88:41:89:38:2a:5b:70:34:f0",
                            "status": "active",
                            "tags.#": "0",
                            "user_data": "#cloud-config\n\nssh_authorized_keys:\n  - \"ssh-rsa AAAAB3NzaC1yc2EAAAADAQABAAABAQDfuOMYwlPdf6M6g8xgeYoaeL+bxtg0jbhDJpVKBqfI5D6oeiAGxg0PZD0AZWS4wYxrtGMcVAM/s+TgRNrfELNDj+cox3QmZ3PxxAiJuY0FTzeLVL0kb9ECPdqQH1iLmNvVZM2XMB/t/m5DISMfvdoWDqJvwydGtQxajCaGOK01QHrGBylD0bIlA6j1osx2R9OXVt0dYs6l7G4HLh9SUMUwuwDa+ohh0MS/ZyZuzrLLJhOvRovk9iYpytqO2q2bdR7UGhg29I6ldkzJzJRqtWQANm1iL9w2UXxguIy1fGcYmPE7nTUrluzYVq/Hz3FEMQZrXs+xHg3n3IJSeswSyp+N hasnaeen@mesos-preflight-the1\n\"\n",
                            "vcpus": "2"
                        },
                        "meta": {},
                        "tainted": false
                    },
                    "deposed": [],
                    "provider": ""
                },
                "digitalocean_droplet.dcos_master.0": {
                    "type": "digitalocean_droplet",
                    "depends_on": [],
                    "primary": {
                        "id": "59521594",
                        "attributes": {
                            "disk": "60",
                            "id": "59521594",
                            "image": "coreos-stable",
                            "ipv4_address": "174.138.49.0",
                            "ipv4_address_private": "10.132.116.106",
                            "locked": "false",
                            "name": "digitalocean-dcos-master-00",
                            "price_hourly": "0.05952",
                            "price_monthly": "40",
                            "private_networking": "true",
                            "region": "nyc3",
                            "resize_disk": "true",
                            "size": "4gb",
                            "ssh_keys.#": "1",
                            "ssh_keys.0": "c1:8e:7a:5f:16:48:45:88:41:89:38:2a:5b:70:34:f0",
                            "status": "active",
                            "tags.#": "0",
                            "user_data": "#cloud-config\n\nssh_authorized_keys:\n  - \"ssh-rsa AAAAB3NzaC1yc2EAAAADAQABAAABAQDfuOMYwlPdf6M6g8xgeYoaeL+bxtg0jbhDJpVKBqfI5D6oeiAGxg0PZD0AZWS4wYxrtGMcVAM/s+TgRNrfELNDj+cox3QmZ3PxxAiJuY0FTzeLVL0kb9ECPdqQH1iLmNvVZM2XMB/t/m5DISMfvdoWDqJvwydGtQxajCaGOK01QHrGBylD0bIlA6j1osx2R9OXVt0dYs6l7G4HLh9SUMUwuwDa+ohh0MS/ZyZuzrLLJhOvRovk9iYpytqO2q2bdR7UGhg29I6ldkzJzJRqtWQANm1iL9w2UXxguIy1fGcYmPE7nTUrluzYVq/Hz3FEMQZrXs+xHg3n3IJSeswSyp+N hasnaeen@mesos-preflight-the1\n\"\n",
                            "vcpus": "2"
                        },
                        "meta": {},
                        "tainted": false
                    },
                    "deposed": [],
                    "provider": ""
                },
                "digitalocean_droplet.dcos_master.1": {
                    "type": "digitalocean_droplet",
                    "depends_on": [],
                    "primary": {
                        "id": "59521595",
                        "attributes": {
                            "disk": "60",
                            "id": "59521595",
                            "image": "coreos-stable",
                            "ipv4_address": "165.227.65.60",
                            "ipv4_address_private": "10.132.116.211",
                            "locked": "false",
                            "name": "digitalocean-dcos-master-01",
                            "price_hourly": "0.05952",
                            "price_monthly": "40",
                            "private_networking": "true",
                            "region": "nyc3",
                            "resize_disk": "true",
                            "size": "4gb",
                            "ssh_keys.#": "1",
                            "ssh_keys.0": "c1:8e:7a:5f:16:48:45:88:41:89:38:2a:5b:70:34:f0",
                            "status": "active",
                            "tags.#": "0",
                            "user_data": "#cloud-config\n\nssh_authorized_keys:\n  - \"ssh-rsa AAAAB3NzaC1yc2EAAAADAQABAAABAQDfuOMYwlPdf6M6g8xgeYoaeL+bxtg0jbhDJpVKBqfI5D6oeiAGxg0PZD0AZWS4wYxrtGMcVAM/s+TgRNrfELNDj+cox3QmZ3PxxAiJuY0FTzeLVL0kb9ECPdqQH1iLmNvVZM2XMB/t/m5DISMfvdoWDqJvwydGtQxajCaGOK01QHrGBylD0bIlA6j1osx2R9OXVt0dYs6l7G4HLh9SUMUwuwDa+ohh0MS/ZyZuzrLLJhOvRovk9iYpytqO2q2bdR7UGhg29I6ldkzJzJRqtWQANm1iL9w2UXxguIy1fGcYmPE7nTUrluzYVq/Hz3FEMQZrXs+xHg3n3IJSeswSyp+N hasnaeen@mesos-preflight-the1\n\"\n",
                            "vcpus": "2"
                        },
                        "meta": {},
                        "tainted": false
                    },
                    "deposed": [],
                    "provider": ""
                },
                "digitalocean_droplet.dcos_master.2": {
                    "type": "digitalocean_droplet",
                    "depends_on": [],
                    "primary": {
                        "id": "59521592",
                        "attributes": {
                            "disk": "60",
                            "id": "59521592",
                            "image": "coreos-stable",
                            "ipv4_address": "45.55.50.24",
                            "ipv4_address_private": "10.132.90.11",
                            "locked": "false",
                            "name": "digitalocean-dcos-master-02",
                            "price_hourly": "0.05952",
                            "price_monthly": "40",
                            "private_networking": "true",
                            "region": "nyc3",
                            "resize_disk": "true",
                            "size": "4gb",
                            "ssh_keys.#": "1",
                            "ssh_keys.0": "c1:8e:7a:5f:16:48:45:88:41:89:38:2a:5b:70:34:f0",
                            "status": "active",
                            "tags.#": "0",
                            "user_data": "#cloud-config\n\nssh_authorized_keys:\n  - \"ssh-rsa AAAAB3NzaC1yc2EAAAADAQABAAABAQDfuOMYwlPdf6M6g8xgeYoaeL+bxtg0jbhDJpVKBqfI5D6oeiAGxg0PZD0AZWS4wYxrtGMcVAM/s+TgRNrfELNDj+cox3QmZ3PxxAiJuY0FTzeLVL0kb9ECPdqQH1iLmNvVZM2XMB/t/m5DISMfvdoWDqJvwydGtQxajCaGOK01QHrGBylD0bIlA6j1osx2R9OXVt0dYs6l7G4HLh9SUMUwuwDa+ohh0MS/ZyZuzrLLJhOvRovk9iYpytqO2q2bdR7UGhg29I6ldkzJzJRqtWQANm1iL9w2UXxguIy1fGcYmPE7nTUrluzYVq/Hz3FEMQZrXs+xHg3n3IJSeswSyp+N hasnaeen@mesos-preflight-the1\n\"\n",
                            "vcpus": "2"
                        },
                        "meta": {},
                        "tainted": false
                    },
                    "deposed": [],
                    "provider": ""
                },
                "digitalocean_droplet.dcos_public_agent.0": {
                    "type": "digitalocean_droplet",
                    "depends_on": [
                        "digitalocean_droplet.dcos_bootstrap"
                    ],
                    "primary": {
                        "id": "59521760",
                        "attributes": {
                            "disk": "60",
                            "id": "59521760",
                            "image": "coreos-stable",
                            "ipv4_address": "165.227.101.150",
                            "ipv4_address_private": "10.132.124.168",
                            "locked": "false",
                            "name": "digitalocean-dcos-public-agent-00",
                            "price_hourly": "0.05952",
                            "price_monthly": "40",
                            "private_networking": "true",
                            "region": "nyc3",
                            "resize_disk": "true",
                            "size": "4gb",
                            "ssh_keys.#": "1",
                            "ssh_keys.0": "c1:8e:7a:5f:16:48:45:88:41:89:38:2a:5b:70:34:f0",
                            "status": "active",
                            "tags.#": "0",
                            "user_data": "#cloud-config\n\nssh_authorized_keys:\n  - \"ssh-rsa AAAAB3NzaC1yc2EAAAADAQABAAABAQDfuOMYwlPdf6M6g8xgeYoaeL+bxtg0jbhDJpVKBqfI5D6oeiAGxg0PZD0AZWS4wYxrtGMcVAM/s+TgRNrfELNDj+cox3QmZ3PxxAiJuY0FTzeLVL0kb9ECPdqQH1iLmNvVZM2XMB/t/m5DISMfvdoWDqJvwydGtQxajCaGOK01QHrGBylD0bIlA6j1osx2R9OXVt0dYs6l7G4HLh9SUMUwuwDa+ohh0MS/ZyZuzrLLJhOvRovk9iYpytqO2q2bdR7UGhg29I6ldkzJzJRqtWQANm1iL9w2UXxguIy1fGcYmPE7nTUrluzYVq/Hz3FEMQZrXs+xHg3n3IJSeswSyp+N hasnaeen@mesos-preflight-the1\n\"\n",
                            "vcpus": "2"
                        },
                        "meta": {},
                        "tainted": false
                    },
                    "deposed": [],
                    "provider": ""
                },
                "digitalocean_droplet.dcos_public_agent.1": {
                    "type": "digitalocean_droplet",
                    "depends_on": [
                        "digitalocean_droplet.dcos_bootstrap"
                    ],
                    "primary": {
                        "id": "59521756",
                        "attributes": {
                            "disk": "60",
                            "id": "59521756",
                            "image": "coreos-stable",
                            "ipv4_address": "165.227.101.140",
                            "ipv4_address_private": "10.132.88.59",
                            "locked": "false",
                            "name": "digitalocean-dcos-public-agent-01",
                            "price_hourly": "0.05952",
                            "price_monthly": "40",
                            "private_networking": "true",
                            "region": "nyc3",
                            "resize_disk": "true",
                            "size": "4gb",
                            "ssh_keys.#": "1",
                            "ssh_keys.0": "c1:8e:7a:5f:16:48:45:88:41:89:38:2a:5b:70:34:f0",
                            "status": "active",
                            "tags.#": "0",
                            "user_data": "#cloud-config\n\nssh_authorized_keys:\n  - \"ssh-rsa AAAAB3NzaC1yc2EAAAADAQABAAABAQDfuOMYwlPdf6M6g8xgeYoaeL+bxtg0jbhDJpVKBqfI5D6oeiAGxg0PZD0AZWS4wYxrtGMcVAM/s+TgRNrfELNDj+cox3QmZ3PxxAiJuY0FTzeLVL0kb9ECPdqQH1iLmNvVZM2XMB/t/m5DISMfvdoWDqJvwydGtQxajCaGOK01QHrGBylD0bIlA6j1osx2R9OXVt0dYs6l7G4HLh9SUMUwuwDa+ohh0MS/ZyZuzrLLJhOvRovk9iYpytqO2q2bdR7UGhg29I6ldkzJzJRqtWQANm1iL9w2UXxguIy1fGcYmPE7nTUrluzYVq/Hz3FEMQZrXs+xHg3n3IJSeswSyp+N hasnaeen@mesos-preflight-the1\n\"\n",
                            "vcpus": "2"
                        },
                        "meta": {},
                        "tainted": false
                    },
                    "deposed": [],
                    "provider": ""
                },
                "digitalocean_droplet.dcos_public_agent.2": {
                    "type": "digitalocean_droplet",
                    "depends_on": [
                        "digitalocean_droplet.dcos_bootstrap"
                    ],
                    "primary": {
                        "id": "59521754",
                        "attributes": {
                            "disk": "60",
                            "id": "59521754",
                            "image": "coreos-stable",
                            "ipv4_address": "165.227.101.141",
                            "ipv4_address_private": "10.132.99.132",
                            "locked": "false",
                            "name": "digitalocean-dcos-public-agent-02",
                            "price_hourly": "0.05952",
                            "price_monthly": "40",
                            "private_networking": "true",
                            "region": "nyc3",
                            "resize_disk": "true",
                            "size": "4gb",
                            "ssh_keys.#": "1",
                            "ssh_keys.0": "c1:8e:7a:5f:16:48:45:88:41:89:38:2a:5b:70:34:f0",
                            "status": "active",
                            "tags.#": "0",
                            "user_data": "#cloud-config\n\nssh_authorized_keys:\n  - \"ssh-rsa AAAAB3NzaC1yc2EAAAADAQABAAABAQDfuOMYwlPdf6M6g8xgeYoaeL+bxtg0jbhDJpVKBqfI5D6oeiAGxg0PZD0AZWS4wYxrtGMcVAM/s+TgRNrfELNDj+cox3QmZ3PxxAiJuY0FTzeLVL0kb9ECPdqQH1iLmNvVZM2XMB/t/m5DISMfvdoWDqJvwydGtQxajCaGOK01QHrGBylD0bIlA6j1osx2R9OXVt0dYs6l7G4HLh9SUMUwuwDa+ohh0MS/ZyZuzrLLJhOvRovk9iYpytqO2q2bdR7UGhg29I6ldkzJzJRqtWQANm1iL9w2UXxguIy1fGcYmPE7nTUrluzYVq/Hz3FEMQZrXs+xHg3n3IJSeswSyp+N hasnaeen@mesos-preflight-the1\n\"\n",
                            "vcpus": "2"
                        },
                        "meta": {},
                        "tainted": false
                    },
                    "deposed": [],
                    "provider": ""
                }
            },
            "depends_on": []
        }
    ]
}
